
Microsoft Visual Studio Solution File, Format Version 12.00
# Visual Studio Version 17
VisualStudioVersion = 17.14.36310.24 d17.14
MinimumVisualStudioVersion = 10.0.40219.1
Project("{8BC9CEB8-8B4A-11D0-8D11-00A0C91BC942}") = "FFmpegWinUI", "FFmpegWinUI\FFmpegWinUI.vcxproj", "{7DC4C0FD-E929-4A13-BDC7-D16E3CCDEC8E}"
EndProject
Global
	GlobalSection(SolutionConfigurationPlatforms) = preSolution
		Debug|ARM64 = Debug|ARM64
		Debug|x64 = Debug|x64
		Debug|x86 = Debug|x86
		Release|ARM64 = Release|ARM64
		Release|x64 = Release|x64
		Release|x86 = Release|x86
	EndGlobalSection
	GlobalSection(ProjectConfigurationPlatforms) = postSolution
		{7DC4C0FD-E929-4A13-BDC7-D16E3CCDEC8E}.Debug|ARM64.ActiveCfg = Debug|ARM64
		{7DC4C0FD-E929-4A13-BDC7-D16E3CCDEC8E}.Debug|ARM64.Build.0 = Debug|ARM64
		{7DC4C0FD-E929-4A13-BDC7-D16E3CCDEC8E}.Debug|ARM64.Deploy.0 = Debug|ARM64
		{7DC4C0FD-E929-4A13-BDC7-D16E3CCDEC8E}.Debug|x64.ActiveCfg = Debug|x64
		{7DC4C0FD-E929-4A13-BDC7-D16E3CCDEC8E}.Debug|x64.Build.0 = Debug|x64
		{7DC4C0FD-E929-4A13-BDC7-D16E3CCDEC8E}.Debug|x64.Deploy.0 = Debug|x64
		{7DC4C0FD-E929-4A13-BDC7-D16E3CCDEC8E}.Debug|x86.ActiveCfg = Debug|Win32
		{7DC4C0FD-E929-4A13-BDC7-D16E3CCDEC8E}.Debug|x86.Build.0 = Debug|Win32
		{7DC4C0FD-E929-4A13-BDC7-D16E3CCDEC8E}.Debug|x86.Deploy.0 = Debug|Win32
		{7DC4C0FD-E929-4A13-BDC7-D16E3CCDEC8E}.Release|ARM64.ActiveCfg = Release|ARM64
		{7DC4C0FD-E929-4A13-BDC7-D16E3CCDEC8E}.Release|ARM64.Build.0 = Release|ARM64
		{7DC4C0FD-E929-4A13-BDC7-D16E3CCDEC8E}.Release|ARM64.Deploy.0 = Release|ARM64
		{7DC4C0FD-E929-4A13-BDC7-D16E3CCDEC8E}.Release|x64.ActiveCfg = Release|x64
		{7DC4C0FD-E929-4A13-BDC7-D16E3CCDEC8E}.Release|x64.Build.0 = Release|x64
		{7DC4C0FD-E929-4A13-BDC7-D16E3CCDEC8E}.Release|x64.Deploy.0 = Release|x64
		{7DC4C0FD-E929-4A13-BDC7-D16E3CCDEC8E}.Release|x86.ActiveCfg = Release|Win32
		{7DC4C0FD-E929-4A13-BDC7-D16E3CCDEC8E}.Release|x86.Build.0 = Release|Win32
		{7DC4C0FD-E929-4A13-BDC7-D16E3CCDEC8E}.Release|x86.Deploy.0 = Release|Win32
	EndGlobalSection
	GlobalSection(SolutionProperties) = preSolution
		HideSolutionNode = FALSE
	EndGlobalSection
	GlobalSection(ExtensibilityGlobals) = postSolution
		SolutionGuid = {32F5BDD0-F2B9-4F08-BD1A-8164C3AA63DE}
	EndGlobalSection
EndGlobal
